
Microsoft Visual Studio Solution File, Format Version 12.00
# Visual Studio 15
VisualStudioVersion = 15.0.27130.2027
MinimumVisualStudioVersion = 10.0.40219.1
Project("{FAE04EC0-301F-11D3-BF4B-00C04F79EFBC}") = "Luthier.ToolPath", "Luthier.ToolPath\Luthier.ToolPath.csproj", "{5E472423-E0EC-4F5E-84B3-04458EC67FF9}"
EndProject
Project("{FAE04EC0-301F-11D3-BF4B-00C04F79EFBC}") = "Luthier.ToolPath.Test", "Luthier.ToolPath.Test\Luthier.ToolPath.Test.csproj", "{752DCDDB-7217-4F93-B525-3CA1122A531E}"
EndProject
Project("{FAE04EC0-301F-11D3-BF4B-00C04F79EFBC}") = "Luthier.Core", "Luthier.Core\Luthier.Core.csproj", "{917E595E-9D4E-4EFB-A880-17004D5CDF4F}"
EndProject
Project("{FAE04EC0-301F-11D3-BF4B-00C04F79EFBC}") = "Luthier.Geometry", "Luthier.Geometry\Luthier.Geometry.csproj", "{14BE8ED1-DADA-4B1D-A4DC-43766FC15ED9}"
EndProject
Project("{FAE04EC0-301F-11D3-BF4B-00C04F79EFBC}") = "Luthier.Geometry.Test", "Luthier.Geometry.Test\Luthier.Geometry.Test.csproj", "{D74AD836-C3D9-4219-8049-7BB59082D744}"
EndProject
Project("{FAE04EC0-301F-11D3-BF4B-00C04F79EFBC}") = "Luthier.Model", "Luthier.Model\Luthier.Model.csproj", "{08871544-1177-4E77-9D67-AF6AAB83AA23}"
EndProject
Project("{FAE04EC0-301F-11D3-BF4B-00C04F79EFBC}") = "Luthier.Model.Test", "Luthier.Model.Test\Luthier.Model.Test.csproj", "{E473B10C-6317-4DBF-AC31-BFBDEA4C0BAD}"
EndProject
Project("{FAE04EC0-301F-11D3-BF4B-00C04F79EFBC}") = "Luthier.Direct3D", "Luthier.Direct3D\Luthier.Direct3D.csproj", "{86D9713D-44B6-4290-808D-18DA54B70314}"
EndProject
Project("{FAE04EC0-301F-11D3-BF4B-00C04F79EFBC}") = "Luthier.UI", "Luthier.UI\Luthier.UI.csproj", "{F581F2C1-C7AC-444A-B283-4B26F14F427E}"
EndProject
Project("{FAE04EC0-301F-11D3-BF4B-00C04F79EFBC}") = "clipper_library", "clipper_library\clipper_library.csproj", "{9B062971-A88E-4A3D-B3C9-12B78D15FA66}"
EndProject
Project("{FAE04EC0-301F-11D3-BF4B-00C04F79EFBC}") = "geometry3Sharp", "geometry3Sharp_library\geometry3Sharp.csproj", "{0C518DDA-28FE-44CA-9AB0-F9773974F13A}"
EndProject
Project("{8BC9CEB8-8B4A-11D0-8D11-00A0C91BC942}") = "opennurbs_CLI", "opennurbs_CLI\opennurbs_CLI.vcxproj", "{7734D5A5-E085-4AFA-AA7E-A4E633E934F2}"
EndProject
Project("{FAE04EC0-301F-11D3-BF4B-00C04F79EFBC}") = "opennurbs_CLI.Tests", "opennurbs_CLI.Tests\opennurbs_CLI.Tests.csproj", "{807DA1C3-88D8-4F0E-BC28-A9A34538B963}"
EndProject
Global
	GlobalSection(SolutionConfigurationPlatforms) = preSolution
		Debug|Any CPU = Debug|Any CPU
		Debug|x64 = Debug|x64
		Debug|x86 = Debug|x86
		Release|Any CPU = Release|Any CPU
		Release|x64 = Release|x64
		Release|x86 = Release|x86
	EndGlobalSection
	GlobalSection(ProjectConfigurationPlatforms) = postSolution
		{5E472423-E0EC-4F5E-84B3-04458EC67FF9}.Debug|Any CPU.ActiveCfg = Debug|Any CPU
		{5E472423-E0EC-4F5E-84B3-04458EC67FF9}.Debug|Any CPU.Build.0 = Debug|Any CPU
		{5E472423-E0EC-4F5E-84B3-04458EC67FF9}.Debug|x64.ActiveCfg = Debug|Any CPU
		{5E472423-E0EC-4F5E-84B3-04458EC67FF9}.Debug|x64.Build.0 = Debug|Any CPU
		{5E472423-E0EC-4F5E-84B3-04458EC67FF9}.Debug|x86.ActiveCfg = Debug|Any CPU
		{5E472423-E0EC-4F5E-84B3-04458EC67FF9}.Debug|x86.Build.0 = Debug|Any CPU
		{5E472423-E0EC-4F5E-84B3-04458EC67FF9}.Release|Any CPU.ActiveCfg = Release|Any CPU
		{5E472423-E0EC-4F5E-84B3-04458EC67FF9}.Release|Any CPU.Build.0 = Release|Any CPU
		{5E472423-E0EC-4F5E-84B3-04458EC67FF9}.Release|x64.ActiveCfg = Release|Any CPU
		{5E472423-E0EC-4F5E-84B3-04458EC67FF9}.Release|x64.Build.0 = Release|Any CPU
		{5E472423-E0EC-4F5E-84B3-04458EC67FF9}.Release|x86.ActiveCfg = Release|Any CPU
		{5E472423-E0EC-4F5E-84B3-04458EC67FF9}.Release|x86.Build.0 = Release|Any CPU
		{752DCDDB-7217-4F93-B525-3CA1122A531E}.Debug|Any CPU.ActiveCfg = Debug|Any CPU
		{752DCDDB-7217-4F93-B525-3CA1122A531E}.Debug|Any CPU.Build.0 = Debug|Any CPU
		{752DCDDB-7217-4F93-B525-3CA1122A531E}.Debug|x64.ActiveCfg = Debug|Any CPU
		{752DCDDB-7217-4F93-B525-3CA1122A531E}.Debug|x64.Build.0 = Debug|Any CPU
		{752DCDDB-7217-4F93-B525-3CA1122A531E}.Debug|x86.ActiveCfg = Debug|Any CPU
		{752DCDDB-7217-4F93-B525-3CA1122A531E}.Debug|x86.Build.0 = Debug|Any CPU
		{752DCDDB-7217-4F93-B525-3CA1122A531E}.Release|Any CPU.ActiveCfg = Release|Any CPU
		{752DCDDB-7217-4F93-B525-3CA1122A531E}.Release|Any CPU.Build.0 = Release|Any CPU
		{752DCDDB-7217-4F93-B525-3CA1122A531E}.Release|x64.ActiveCfg = Release|Any CPU
		{752DCDDB-7217-4F93-B525-3CA1122A531E}.Release|x64.Build.0 = Release|Any CPU
		{752DCDDB-7217-4F93-B525-3CA1122A531E}.Release|x86.ActiveCfg = Release|Any CPU
		{752DCDDB-7217-4F93-B525-3CA1122A531E}.Release|x86.Build.0 = Release|Any CPU
		{917E595E-9D4E-4EFB-A880-17004D5CDF4F}.Debug|Any CPU.ActiveCfg = Debug|Any CPU
		{917E595E-9D4E-4EFB-A880-17004D5CDF4F}.Debug|Any CPU.Build.0 = Debug|Any CPU
		{917E595E-9D4E-4EFB-A880-17004D5CDF4F}.Debug|x64.ActiveCfg = Debug|Any CPU
		{917E595E-9D4E-4EFB-A880-17004D5CDF4F}.Debug|x64.Build.0 = Debug|Any CPU
		{917E595E-9D4E-4EFB-A880-17004D5CDF4F}.Debug|x86.ActiveCfg = Debug|Any CPU
		{917E595E-9D4E-4EFB-A880-17004D5CDF4F}.Debug|x86.Build.0 = Debug|Any CPU
		{917E595E-9D4E-4EFB-A880-17004D5CDF4F}.Release|Any CPU.ActiveCfg = Release|Any CPU
		{917E595E-9D4E-4EFB-A880-17004D5CDF4F}.Release|Any CPU.Build.0 = Release|Any CPU
		{917E595E-9D4E-4EFB-A880-17004D5CDF4F}.Release|x64.ActiveCfg = Release|Any CPU
		{917E595E-9D4E-4EFB-A880-17004D5CDF4F}.Release|x64.Build.0 = Release|Any CPU
		{917E595E-9D4E-4EFB-A880-17004D5CDF4F}.Release|x86.ActiveCfg = Release|Any CPU
		{917E595E-9D4E-4EFB-A880-17004D5CDF4F}.Release|x86.Build.0 = Release|Any CPU
		{14BE8ED1-DADA-4B1D-A4DC-43766FC15ED9}.Debug|Any CPU.ActiveCfg = Debug|Any CPU
		{14BE8ED1-DADA-4B1D-A4DC-43766FC15ED9}.Debug|Any CPU.Build.0 = Debug|Any CPU
		{14BE8ED1-DADA-4B1D-A4DC-43766FC15ED9}.Debug|x64.ActiveCfg = Debug|Any CPU
		{14BE8ED1-DADA-4B1D-A4DC-43766FC15ED9}.Debug|x64.Build.0 = Debug|Any CPU
		{14BE8ED1-DADA-4B1D-A4DC-43766FC15ED9}.Debug|x86.ActiveCfg = Debug|Any CPU
		{14BE8ED1-DADA-4B1D-A4DC-43766FC15ED9}.Debug|x86.Build.0 = Debug|Any CPU
		{14BE8ED1-DADA-4B1D-A4DC-43766FC15ED9}.Release|Any CPU.ActiveCfg = Release|Any CPU
		{14BE8ED1-DADA-4B1D-A4DC-43766FC15ED9}.Release|Any CPU.Build.0 = Release|Any CPU
		{14BE8ED1-DADA-4B1D-A4DC-43766FC15ED9}.Release|x64.ActiveCfg = Release|Any CPU
		{14BE8ED1-DADA-4B1D-A4DC-43766FC15ED9}.Release|x64.Build.0 = Release|Any CPU
		{14BE8ED1-DADA-4B1D-A4DC-43766FC15ED9}.Release|x86.ActiveCfg = Release|Any CPU
		{14BE8ED1-DADA-4B1D-A4DC-43766FC15ED9}.Release|x86.Build.0 = Release|Any CPU
		{D74AD836-C3D9-4219-8049-7BB59082D744}.Debug|Any CPU.ActiveCfg = Debug|Any CPU
		{D74AD836-C3D9-4219-8049-7BB59082D744}.Debug|Any CPU.Build.0 = Debug|Any CPU
		{D74AD836-C3D9-4219-8049-7BB59082D744}.Debug|x64.ActiveCfg = Debug|Any CPU
		{D74AD836-C3D9-4219-8049-7BB59082D744}.Debug|x64.Build.0 = Debug|Any CPU
		{D74AD836-C3D9-4219-8049-7BB59082D744}.Debug|x86.ActiveCfg = Debug|Any CPU
		{D74AD836-C3D9-4219-8049-7BB59082D744}.Debug|x86.Build.0 = Debug|Any CPU
		{D74AD836-C3D9-4219-8049-7BB59082D744}.Release|Any CPU.ActiveCfg = Release|Any CPU
		{D74AD836-C3D9-4219-8049-7BB59082D744}.Release|Any CPU.Build.0 = Release|Any CPU
		{D74AD836-C3D9-4219-8049-7BB59082D744}.Release|x64.ActiveCfg = Release|Any CPU
		{D74AD836-C3D9-4219-8049-7BB59082D744}.Release|x64.Build.0 = Release|Any CPU
		{D74AD836-C3D9-4219-8049-7BB59082D744}.Release|x86.ActiveCfg = Release|Any CPU
		{D74AD836-C3D9-4219-8049-7BB59082D744}.Release|x86.Build.0 = Release|Any CPU
		{08871544-1177-4E77-9D67-AF6AAB83AA23}.Debug|Any CPU.ActiveCfg = Debug|Any CPU
		{08871544-1177-4E77-9D67-AF6AAB83AA23}.Debug|Any CPU.Build.0 = Debug|Any CPU
		{08871544-1177-4E77-9D67-AF6AAB83AA23}.Debug|x64.ActiveCfg = Debug|Any CPU
		{08871544-1177-4E77-9D67-AF6AAB83AA23}.Debug|x64.Build.0 = Debug|Any CPU
		{08871544-1177-4E77-9D67-AF6AAB83AA23}.Debug|x86.ActiveCfg = Debug|Any CPU
		{08871544-1177-4E77-9D67-AF6AAB83AA23}.Debug|x86.Build.0 = Debug|Any CPU
		{08871544-1177-4E77-9D67-AF6AAB83AA23}.Release|Any CPU.ActiveCfg = Release|Any CPU
		{08871544-1177-4E77-9D67-AF6AAB83AA23}.Release|Any CPU.Build.0 = Release|Any CPU
		{08871544-1177-4E77-9D67-AF6AAB83AA23}.Release|x64.ActiveCfg = Release|Any CPU
		{08871544-1177-4E77-9D67-AF6AAB83AA23}.Release|x64.Build.0 = Release|Any CPU
		{08871544-1177-4E77-9D67-AF6AAB83AA23}.Release|x86.ActiveCfg = Release|Any CPU
		{08871544-1177-4E77-9D67-AF6AAB83AA23}.Release|x86.Build.0 = Release|Any CPU
		{E473B10C-6317-4DBF-AC31-BFBDEA4C0BAD}.Debug|Any CPU.ActiveCfg = Debug|Any CPU
		{E473B10C-6317-4DBF-AC31-BFBDEA4C0BAD}.Debug|Any CPU.Build.0 = Debug|Any CPU
		{E473B10C-6317-4DBF-AC31-BFBDEA4C0BAD}.Debug|x64.ActiveCfg = Debug|Any CPU
		{E473B10C-6317-4DBF-AC31-BFBDEA4C0BAD}.Debug|x64.Build.0 = Debug|Any CPU
		{E473B10C-6317-4DBF-AC31-BFBDEA4C0BAD}.Debug|x86.ActiveCfg = Debug|Any CPU
		{E473B10C-6317-4DBF-AC31-BFBDEA4C0BAD}.Debug|x86.Build.0 = Debug|Any CPU
		{E473B10C-6317-4DBF-AC31-BFBDEA4C0BAD}.Release|Any CPU.ActiveCfg = Release|Any CPU
		{E473B10C-6317-4DBF-AC31-BFBDEA4C0BAD}.Release|Any CPU.Build.0 = Release|Any CPU
		{E473B10C-6317-4DBF-AC31-BFBDEA4C0BAD}.Release|x64.ActiveCfg = Release|Any CPU
		{E473B10C-6317-4DBF-AC31-BFBDEA4C0BAD}.Release|x64.Build.0 = Release|Any CPU
		{E473B10C-6317-4DBF-AC31-BFBDEA4C0BAD}.Release|x86.ActiveCfg = Release|Any CPU
		{E473B10C-6317-4DBF-AC31-BFBDEA4C0BAD}.Release|x86.Build.0 = Release|Any CPU
		{86D9713D-44B6-4290-808D-18DA54B70314}.Debug|Any CPU.ActiveCfg = Debug|Any CPU
		{86D9713D-44B6-4290-808D-18DA54B70314}.Debug|Any CPU.Build.0 = Debug|Any CPU
		{86D9713D-44B6-4290-808D-18DA54B70314}.Debug|x64.ActiveCfg = Debug|Any CPU
		{86D9713D-44B6-4290-808D-18DA54B70314}.Debug|x64.Build.0 = Debug|Any CPU
		{86D9713D-44B6-4290-808D-18DA54B70314}.Debug|x86.ActiveCfg = Debug|Any CPU
		{86D9713D-44B6-4290-808D-18DA54B70314}.Debug|x86.Build.0 = Debug|Any CPU
		{86D9713D-44B6-4290-808D-18DA54B70314}.Release|Any CPU.ActiveCfg = Release|Any CPU
		{86D9713D-44B6-4290-808D-18DA54B70314}.Release|Any CPU.Build.0 = Release|Any CPU
		{86D9713D-44B6-4290-808D-18DA54B70314}.Release|x64.ActiveCfg = Release|Any CPU
		{86D9713D-44B6-4290-808D-18DA54B70314}.Release|x64.Build.0 = Release|Any CPU
		{86D9713D-44B6-4290-808D-18DA54B70314}.Release|x86.ActiveCfg = Release|Any CPU
		{86D9713D-44B6-4290-808D-18DA54B70314}.Release|x86.Build.0 = Release|Any CPU
		{F581F2C1-C7AC-444A-B283-4B26F14F427E}.Debug|Any CPU.ActiveCfg = Debug|Any CPU
		{F581F2C1-C7AC-444A-B283-4B26F14F427E}.Debug|Any CPU.Build.0 = Debug|Any CPU
		{F581F2C1-C7AC-444A-B283-4B26F14F427E}.Debug|x64.ActiveCfg = Debug|Any CPU
		{F581F2C1-C7AC-444A-B283-4B26F14F427E}.Debug|x64.Build.0 = Debug|Any CPU
		{F581F2C1-C7AC-444A-B283-4B26F14F427E}.Debug|x86.ActiveCfg = Debug|Any CPU
		{F581F2C1-C7AC-444A-B283-4B26F14F427E}.Debug|x86.Build.0 = Debug|Any CPU
		{F581F2C1-C7AC-444A-B283-4B26F14F427E}.Release|Any CPU.ActiveCfg = Release|Any CPU
		{F581F2C1-C7AC-444A-B283-4B26F14F427E}.Release|Any CPU.Build.0 = Release|Any CPU
		{F581F2C1-C7AC-444A-B283-4B26F14F427E}.Release|x64.ActiveCfg = Release|Any CPU
		{F581F2C1-C7AC-444A-B283-4B26F14F427E}.Release|x64.Build.0 = Release|Any CPU
		{F581F2C1-C7AC-444A-B283-4B26F14F427E}.Release|x86.ActiveCfg = Release|Any CPU
		{F581F2C1-C7AC-444A-B283-4B26F14F427E}.Release|x86.Build.0 = Release|Any CPU
		{9B062971-A88E-4A3D-B3C9-12B78D15FA66}.Debug|Any CPU.ActiveCfg = Debug|Any CPU
		{9B062971-A88E-4A3D-B3C9-12B78D15FA66}.Debug|Any CPU.Build.0 = Debug|Any CPU
		{9B062971-A88E-4A3D-B3C9-12B78D15FA66}.Debug|x64.ActiveCfg = Debug|Any CPU
		{9B062971-A88E-4A3D-B3C9-12B78D15FA66}.Debug|x64.Build.0 = Debug|Any CPU
		{9B062971-A88E-4A3D-B3C9-12B78D15FA66}.Debug|x86.ActiveCfg = Debug|Any CPU
		{9B062971-A88E-4A3D-B3C9-12B78D15FA66}.Debug|x86.Build.0 = Debug|Any CPU
		{9B062971-A88E-4A3D-B3C9-12B78D15FA66}.Release|Any CPU.ActiveCfg = Release|Any CPU
		{9B062971-A88E-4A3D-B3C9-12B78D15FA66}.Release|Any CPU.Build.0 = Release|Any CPU
		{9B062971-A88E-4A3D-B3C9-12B78D15FA66}.Release|x64.ActiveCfg = Release|Any CPU
		{9B062971-A88E-4A3D-B3C9-12B78D15FA66}.Release|x64.Build.0 = Release|Any CPU
		{9B062971-A88E-4A3D-B3C9-12B78D15FA66}.Release|x86.ActiveCfg = Release|Any CPU
		{9B062971-A88E-4A3D-B3C9-12B78D15FA66}.Release|x86.Build.0 = Release|Any CPU
		{0C518DDA-28FE-44CA-9AB0-F9773974F13A}.Debug|Any CPU.ActiveCfg = Debug|Any CPU
		{0C518DDA-28FE-44CA-9AB0-F9773974F13A}.Debug|Any CPU.Build.0 = Debug|Any CPU
		{0C518DDA-28FE-44CA-9AB0-F9773974F13A}.Debug|x64.ActiveCfg = Debug|Any CPU
		{0C518DDA-28FE-44CA-9AB0-F9773974F13A}.Debug|x64.Build.0 = Debug|Any CPU
		{0C518DDA-28FE-44CA-9AB0-F9773974F13A}.Debug|x86.ActiveCfg = Debug|Any CPU
		{0C518DDA-28FE-44CA-9AB0-F9773974F13A}.Debug|x86.Build.0 = Debug|Any CPU
		{0C518DDA-28FE-44CA-9AB0-F9773974F13A}.Release|Any CPU.ActiveCfg = Release|Any CPU
		{0C518DDA-28FE-44CA-9AB0-F9773974F13A}.Release|Any CPU.Build.0 = Release|Any CPU
		{0C518DDA-28FE-44CA-9AB0-F9773974F13A}.Release|x64.ActiveCfg = Release|Any CPU
		{0C518DDA-28FE-44CA-9AB0-F9773974F13A}.Release|x64.Build.0 = Release|Any CPU
		{0C518DDA-28FE-44CA-9AB0-F9773974F13A}.Release|x86.ActiveCfg = Release|Any CPU
		{0C518DDA-28FE-44CA-9AB0-F9773974F13A}.Release|x86.Build.0 = Release|Any CPU
		{7734D5A5-E085-4AFA-AA7E-A4E633E934F2}.Debug|Any CPU.ActiveCfg = Debug|Win32
		{7734D5A5-E085-4AFA-AA7E-A4E633E934F2}.Debug|x64.ActiveCfg = Debug|x64
		{7734D5A5-E085-4AFA-AA7E-A4E633E934F2}.Debug|x64.Build.0 = Debug|x64
		{7734D5A5-E085-4AFA-AA7E-A4E633E934F2}.Debug|x86.ActiveCfg = Debug|Win32
		{7734D5A5-E085-4AFA-AA7E-A4E633E934F2}.Debug|x86.Build.0 = Debug|Win32
		{7734D5A5-E085-4AFA-AA7E-A4E633E934F2}.Release|Any CPU.ActiveCfg = Release|Win32
		{7734D5A5-E085-4AFA-AA7E-A4E633E934F2}.Release|x64.ActiveCfg = Release|x64
		{7734D5A5-E085-4AFA-AA7E-A4E633E934F2}.Release|x64.Build.0 = Release|x64
		{7734D5A5-E085-4AFA-AA7E-A4E633E934F2}.Release|x86.ActiveCfg = Release|Win32
		{7734D5A5-E085-4AFA-AA7E-A4E633E934F2}.Release|x86.Build.0 = Release|Win32
		{807DA1C3-88D8-4F0E-BC28-A9A34538B963}.Debug|Any CPU.ActiveCfg = Debug|Any CPU
		{807DA1C3-88D8-4F0E-BC28-A9A34538B963}.Debug|Any CPU.Build.0 = Debug|Any CPU
		{807DA1C3-88D8-4F0E-BC28-A9A34538B963}.Debug|x64.ActiveCfg = Debug|Any CPU
		{807DA1C3-88D8-4F0E-BC28-A9A34538B963}.Debug|x64.Build.0 = Debug|Any CPU
		{807DA1C3-88D8-4F0E-BC28-A9A34538B963}.Debug|x86.ActiveCfg = Debug|Any CPU
		{807DA1C3-88D8-4F0E-BC28-A9A34538B963}.Debug|x86.Build.0 = Debug|Any CPU
		{807DA1C3-88D8-4F0E-BC28-A9A34538B963}.Release|Any CPU.ActiveCfg = Release|Any CPU
		{807DA1C3-88D8-4F0E-BC28-A9A34538B963}.Release|Any CPU.Build.0 = Release|Any CPU
		{807DA1C3-88D8-4F0E-BC28-A9A34538B963}.Release|x64.ActiveCfg = Release|Any CPU
		{807DA1C3-88D8-4F0E-BC28-A9A34538B963}.Release|x64.Build.0 = Release|Any CPU
		{807DA1C3-88D8-4F0E-BC28-A9A34538B963}.Release|x86.ActiveCfg = Release|Any CPU
		{807DA1C3-88D8-4F0E-BC28-A9A34538B963}.Release|x86.Build.0 = Release|Any CPU
	EndGlobalSection
	GlobalSection(SolutionProperties) = preSolution
		HideSolutionNode = FALSE
	EndGlobalSection
	GlobalSection(ExtensibilityGlobals) = postSolution
		SolutionGuid = {8F12CF92-B0BE-4438-B325-706F217C4031}
	EndGlobalSection
EndGlobal
